
Microsoft Visual Studio Solution File, Format Version 12.00
Project("{FAE04EC0-301F-11D3-BF4B-00C04F79EFBC}") = "LuckyRest", "backend\LuckyRest\LuckyRest.csproj", "{5469372C-F41D-4A15-9D20-CF33BA6FAEF4}"
EndProject
Project("{FAE04EC0-301F-11D3-BF4B-00C04F79EFBC}") = "MapManager", "backend\MapManager\MapManager.csproj", "{D743A084-9253-457D-9B1F-913BD023382C}"
EndProject
Project("{FAE04EC0-301F-11D3-BF4B-00C04F79EFBC}") = "MapManagerTest", "backend\MapManagerTest\MapManagerTest.csproj", "{4AC7B8AA-5AD8-4071-9AA6-962EBA9659CF}"
EndProject
Project("{FAE04EC0-301F-11D3-BF4B-00C04F79EFBC}") = "WorkshopScraper", "backend\WorkshopScraper\WorkshopScraper.csproj", "{2AAA5861-DA9D-4A19-AEA7-6BE44ADCA893}"
EndProject
Project("{FAE04EC0-301F-11D3-BF4B-00C04F79EFBC}") = "WorkshopScraperTest", "backend\WorkshopScraperTest\WorkshopScraperTest.csproj", "{F9D0DCF0-A8AE-4CA6-9E96-337A1F45B078}"
EndProject
Project("{FAE04EC0-301F-11D3-BF4B-00C04F79EFBC}") = "DevelopmentHost", "DevelopmentHost\DevelopmentHost.csproj", "{F1F7B726-0BBB-4BC6-A83E-BD59BEAAD8E9}"
EndProject
Project("{54A90642-561A-4BB1-A94E-469ADEE60C69}") = "LuckyClient", "luckywheel-client\LuckyClient.esproj", "{BDF62446-EBB9-491E-9EF9-557152EF2DA7}"
EndProject
Global
	GlobalSection(SolutionConfigurationPlatforms) = preSolution
		Debug|Any CPU = Debug|Any CPU
		Release|Any CPU = Release|Any CPU
	EndGlobalSection
	GlobalSection(ProjectConfigurationPlatforms) = postSolution
		{5469372C-F41D-4A15-9D20-CF33BA6FAEF4}.Debug|Any CPU.ActiveCfg = Debug|Any CPU
		{5469372C-F41D-4A15-9D20-CF33BA6FAEF4}.Debug|Any CPU.Build.0 = Debug|Any CPU
		{5469372C-F41D-4A15-9D20-CF33BA6FAEF4}.Release|Any CPU.ActiveCfg = Release|Any CPU
		{5469372C-F41D-4A15-9D20-CF33BA6FAEF4}.Release|Any CPU.Build.0 = Release|Any CPU
		{D743A084-9253-457D-9B1F-913BD023382C}.Debug|Any CPU.ActiveCfg = Debug|Any CPU
		{D743A084-9253-457D-9B1F-913BD023382C}.Debug|Any CPU.Build.0 = Debug|Any CPU
		{D743A084-9253-457D-9B1F-913BD023382C}.Release|Any CPU.ActiveCfg = Release|Any CPU
		{D743A084-9253-457D-9B1F-913BD023382C}.Release|Any CPU.Build.0 = Release|Any CPU
		{4AC7B8AA-5AD8-4071-9AA6-962EBA9659CF}.Debug|Any CPU.ActiveCfg = Debug|Any CPU
		{4AC7B8AA-5AD8-4071-9AA6-962EBA9659CF}.Debug|Any CPU.Build.0 = Debug|Any CPU
		{4AC7B8AA-5AD8-4071-9AA6-962EBA9659CF}.Release|Any CPU.ActiveCfg = Release|Any CPU
		{4AC7B8AA-5AD8-4071-9AA6-962EBA9659CF}.Release|Any CPU.Build.0 = Release|Any CPU
		{2AAA5861-DA9D-4A19-AEA7-6BE44ADCA893}.Debug|Any CPU.ActiveCfg = Debug|Any CPU
		{2AAA5861-DA9D-4A19-AEA7-6BE44ADCA893}.Debug|Any CPU.Build.0 = Debug|Any CPU
		{2AAA5861-DA9D-4A19-AEA7-6BE44ADCA893}.Release|Any CPU.ActiveCfg = Release|Any CPU
		{2AAA5861-DA9D-4A19-AEA7-6BE44ADCA893}.Release|Any CPU.Build.0 = Release|Any CPU
		{F9D0DCF0-A8AE-4CA6-9E96-337A1F45B078}.Debug|Any CPU.ActiveCfg = Debug|Any CPU
		{F9D0DCF0-A8AE-4CA6-9E96-337A1F45B078}.Debug|Any CPU.Build.0 = Debug|Any CPU
		{F9D0DCF0-A8AE-4CA6-9E96-337A1F45B078}.Release|Any CPU.ActiveCfg = Release|Any CPU
		{F9D0DCF0-A8AE-4CA6-9E96-337A1F45B078}.Release|Any CPU.Build.0 = Release|Any CPU
		{F1F7B726-0BBB-4BC6-A83E-BD59BEAAD8E9}.Debug|Any CPU.ActiveCfg = Debug|Any CPU
		{F1F7B726-0BBB-4BC6-A83E-BD59BEAAD8E9}.Debug|Any CPU.Build.0 = Debug|Any CPU
		{F1F7B726-0BBB-4BC6-A83E-BD59BEAAD8E9}.Release|Any CPU.ActiveCfg = Release|Any CPU
		{F1F7B726-0BBB-4BC6-A83E-BD59BEAAD8E9}.Release|Any CPU.Build.0 = Release|Any CPU
		{BDF62446-EBB9-491E-9EF9-557152EF2DA7}.Debug|Any CPU.ActiveCfg = Debug|Any CPU
		{BDF62446-EBB9-491E-9EF9-557152EF2DA7}.Debug|Any CPU.Build.0 = Debug|Any CPU
		{BDF62446-EBB9-491E-9EF9-557152EF2DA7}.Release|Any CPU.ActiveCfg = Release|Any CPU
		{BDF62446-EBB9-491E-9EF9-557152EF2DA7}.Release|Any CPU.Build.0 = Release|Any CPU
	EndGlobalSection
EndGlobal
