
Microsoft Visual Studio Solution File, Format Version 12.00
Project("{FAE04EC0-301F-11D3-BF4B-00C04F79EFBC}") = "WorkshopScraper", "WorkshopScraper\WorkshopScraper.csproj", "{8F843B84-009F-4955-A32C-CE477D5AC899}"
EndProject
Project("{FAE04EC0-301F-11D3-BF4B-00C04F79EFBC}") = "WorkshopScraperTest", "WorkshopScraperTest\WorkshopScraperTest.csproj", "{6142DF58-B5D8-486A-9F5C-AB3C9C7D982B}"
EndProject
Project("{2150E333-8FDC-42A3-9474-1A3956D46DE8}") = "WorkshopScraper", "WorkshopScraper", "{6B116FD9-392E-45F8-88A7-40EDA43A708E}"
EndProject
Project("{2150E333-8FDC-42A3-9474-1A3956D46DE8}") = "RestAPI", "RestAPI", "{0B295A19-D5E8-4113-9CEE-5057CA16FCB4}"
EndProject
Project("{FAE04EC0-301F-11D3-BF4B-00C04F79EFBC}") = "LuckyRest", "LuckyRest\LuckyRest.csproj", "{7C871F32-8552-48F5-8255-2E3AC9E5BF2C}"
EndProject
Global
	GlobalSection(SolutionConfigurationPlatforms) = preSolution
		Debug|Any CPU = Debug|Any CPU
		Release|Any CPU = Release|Any CPU
	EndGlobalSection
	GlobalSection(ProjectConfigurationPlatforms) = postSolution
		{8F843B84-009F-4955-A32C-CE477D5AC899}.Debug|Any CPU.ActiveCfg = Debug|Any CPU
		{8F843B84-009F-4955-A32C-CE477D5AC899}.Debug|Any CPU.Build.0 = Debug|Any CPU
		{8F843B84-009F-4955-A32C-CE477D5AC899}.Release|Any CPU.ActiveCfg = Release|Any CPU
		{8F843B84-009F-4955-A32C-CE477D5AC899}.Release|Any CPU.Build.0 = Release|Any CPU
		{6142DF58-B5D8-486A-9F5C-AB3C9C7D982B}.Debug|Any CPU.ActiveCfg = Debug|Any CPU
		{6142DF58-B5D8-486A-9F5C-AB3C9C7D982B}.Debug|Any CPU.Build.0 = Debug|Any CPU
		{6142DF58-B5D8-486A-9F5C-AB3C9C7D982B}.Release|Any CPU.ActiveCfg = Release|Any CPU
		{6142DF58-B5D8-486A-9F5C-AB3C9C7D982B}.Release|Any CPU.Build.0 = Release|Any CPU
		{7C871F32-8552-48F5-8255-2E3AC9E5BF2C}.Debug|Any CPU.ActiveCfg = Debug|Any CPU
		{7C871F32-8552-48F5-8255-2E3AC9E5BF2C}.Debug|Any CPU.Build.0 = Debug|Any CPU
		{7C871F32-8552-48F5-8255-2E3AC9E5BF2C}.Release|Any CPU.ActiveCfg = Release|Any CPU
		{7C871F32-8552-48F5-8255-2E3AC9E5BF2C}.Release|Any CPU.Build.0 = Release|Any CPU
	EndGlobalSection
	GlobalSection(NestedProjects) = preSolution
		{8F843B84-009F-4955-A32C-CE477D5AC899} = {6B116FD9-392E-45F8-88A7-40EDA43A708E}
		{6142DF58-B5D8-486A-9F5C-AB3C9C7D982B} = {6B116FD9-392E-45F8-88A7-40EDA43A708E}
		{7C871F32-8552-48F5-8255-2E3AC9E5BF2C} = {0B295A19-D5E8-4113-9CEE-5057CA16FCB4}
	EndGlobalSection
EndGlobal
